// !$*UTF8*$!
{
	archiveVersion = 1;
	classes = {
	};
	objectVersion = 56;
	objects = {

/* Begin PBXBuildFile section */
		C3DBB6792A2995C9007F77BF /* MCBTimeCounterApp.swift in Sources */ = {isa = PBXBuildFile; fileRef = C3DBB6782A2995C9007F77BF /* MCBTimeCounterApp.swift */; };
		C3DBB67B2A2995C9007F77BF /* ContentView.swift in Sources */ = {isa = PBXBuildFile; fileRef = C3DBB67A2A2995C9007F77BF /* ContentView.swift */; };
		C3DBB67D2A2995CB007F77BF /* Assets.xcassets in Resources */ = {isa = PBXBuildFile; fileRef = C3DBB67C2A2995CB007F77BF /* Assets.xcassets */; };
		C3DBB6802A2995CB007F77BF /* Preview Assets.xcassets in Resources */ = {isa = PBXBuildFile; fileRef = C3DBB67F2A2995CB007F77BF /* Preview Assets.xcassets */; };
		C3DBB68A2A2B0749007F77BF /* BeepSound.wav in Resources */ = {isa = PBXBuildFile; fileRef = C3DBB6892A2B0749007F77BF /* BeepSound.wav */; };
		C3DBB68C2A2B0779007F77BF /* BeepSound.wav in Resources */ = {isa = PBXBuildFile; fileRef = C3DBB68B2A2B0779007F77BF /* BeepSound.wav */; };
/* End PBXBuildFile section */

/* Begin PBXFileReference section */
		C3DBB6752A2995C9007F77BF /* MCBTimeCounter.app */ = {isa = PBXFileReference; explicitFileType = wrapper.application; includeInIndex = 0; path = MCBTimeCounter.app; sourceTree = BUILT_PRODUCTS_DIR; };
		C3DBB6782A2995C9007F77BF /* MCBTimeCounterApp.swift */ = {isa = PBXFileReference; lastKnownFileType = sourcecode.swift; path = MCBTimeCounterApp.swift; sourceTree = "<group>"; };
		C3DBB67A2A2995C9007F77BF /* ContentView.swift */ = {isa = PBXFileReference; lastKnownFileType = sourcecode.swift; path = ContentView.swift; sourceTree = "<group>"; };
		C3DBB67C2A2995CB007F77BF /* Assets.xcassets */ = {isa = PBXFileReference; lastKnownFileType = folder.assetcatalog; path = Assets.xcassets; sourceTree = "<group>"; };
		C3DBB67F2A2995CB007F77BF /* Preview Assets.xcassets */ = {isa = PBXFileReference; lastKnownFileType = folder.assetcatalog; path = "Preview Assets.xcassets"; sourceTree = "<group>"; };
		C3DBB6812A2995CB007F77BF /* MCBTimeCounter.entitlements */ = {isa = PBXFileReference; lastKnownFileType = text.plist.entitlements; path = MCBTimeCounter.entitlements; sourceTree = "<group>"; };
		C3DBB6892A2B0749007F77BF /* BeepSound.wav */ = {isa = PBXFileReference; lastKnownFileType = audio.wav; name = BeepSound.wav; path = MCBTimeCounter/BeepSound.wav; sourceTree = SOURCE_ROOT; };
		C3DBB68B2A2B0779007F77BF /* BeepSound.wav */ = {isa = PBXFileReference; lastKnownFileType = audio.wav; name = BeepSound.wav; path = MCBTimeCounter/BeepSound.wav; sourceTree = SOURCE_ROOT; };
/* End PBXFileReference section */

/* Begin PBXFrameworksBuildPhase section */
		C3DBB6722A2995C9007F77BF /* Frameworks */ = {
			isa = PBXFrameworksBuildPhase;
			buildActionMask = 2147483647;
			files = (
			);
			runOnlyForDeploymentPostprocessing = 0;
		};
/* End PBXFrameworksBuildPhase section */

/* Begin PBXGroup section */
		C3DBB66C2A2995C9007F77BF = {
			isa = PBXGroup;
			children = (
				C3DBB6772A2995C9007F77BF /* MCBTimeCounter */,
				C3DBB6762A2995C9007F77BF /* Products */,
			);
			sourceTree = "<group>";
		};
		C3DBB6762A2995C9007F77BF /* Products */ = {
			isa = PBXGroup;
			children = (
				C3DBB6752A2995C9007F77BF /* MCBTimeCounter.app */,
			);
			name = Products;
			sourceTree = "<group>";
		};
		C3DBB6772A2995C9007F77BF /* MCBTimeCounter */ = {
			isa = PBXGroup;
			children = (
				C3DBB6782A2995C9007F77BF /* MCBTimeCounterApp.swift */,
				C3DBB67A2A2995C9007F77BF /* ContentView.swift */,
				C3DBB67C2A2995CB007F77BF /* Assets.xcassets */,
				C3DBB6812A2995CB007F77BF /* MCBTimeCounter.entitlements */,
				C3DBB67E2A2995CB007F77BF /* Preview Content */,
			);
			path = MCBTimeCounter;
			sourceTree = "<group>";
		};
		C3DBB67E2A2995CB007F77BF /* Preview Content */ = {
			isa = PBXGroup;
			children = (
				C3DBB6892A2B0749007F77BF /* BeepSound.wav */,
				C3DBB68B2A2B0779007F77BF /* BeepSound.wav */,
				C3DBB67F2A2995CB007F77BF /* Preview Assets.xcassets */,
			);
			path = "Preview Content";
			sourceTree = "<group>";
		};
/* End PBXGroup section */

/* Begin PBXNativeTarget section */
		C3DBB6742A2995C9007F77BF /* MCBTimeCounter */ = {
			isa = PBXNativeTarget;
			buildConfigurationList = C3DBB6842A2995CB007F77BF /* Build configuration list for PBXNativeTarget "MCBTimeCounter" */;
			buildPhases = (
				C3DBB6712A2995C9007F77BF /* Sources */,
				C3DBB6722A2995C9007F77BF /* Frameworks */,
				C3DBB6732A2995C9007F77BF /* Resources */,
			);
			buildRules = (
			);
			dependencies = (
			);
			name = MCBTimeCounter;
			productName = MCBTimeCounter;
			productReference = C3DBB6752A2995C9007F77BF /* MCBTimeCounter.app */;
			productType = "com.apple.product-type.application";
		};
/* End PBXNativeTarget section */

/* Begin PBXProject section */
		C3DBB66D2A2995C9007F77BF /* Project object */ = {
			isa = PBXProject;
			attributes = {
				BuildIndependentTargetsInParallel = 1;
				LastSwiftUpdateCheck = 1430;
				LastUpgradeCheck = 1430;
				TargetAttributes = {
					C3DBB6742A2995C9007F77BF = {
						CreatedOnToolsVersion = 14.3;
					};
				};
			};
			buildConfigurationList = C3DBB6702A2995C9007F77BF /* Build configuration list for PBXProject "MCBTimeCounter" */;
			compatibilityVersion = "Xcode 14.0";
			developmentRegion = en;
			hasScannedForEncodings = 0;
			knownRegions = (
				en,
				Base,
			);
			mainGroup = C3DBB66C2A2995C9007F77BF;
			productRefGroup = C3DBB6762A2995C9007F77BF /* Products */;
			projectDirPath = "";
			projectRoot = "";
			targets = (
				C3DBB6742A2995C9007F77BF /* MCBTimeCounter */,
			);
		};
/* End PBXProject section */

/* Begin PBXResourcesBuildPhase section */
		C3DBB6732A2995C9007F77BF /* Resources */ = {
			isa = PBXResourcesBuildPhase;
			buildActionMask = 2147483647;
			files = (
				C3DBB6802A2995CB007F77BF /* Preview Assets.xcassets in Resources */,
				C3DBB68A2A2B0749007F77BF /* BeepSound.wav in Resources */,
				C3DBB68C2A2B0779007F77BF /* BeepSound.wav in Resources */,
				C3DBB67D2A2995CB007F77BF /* Assets.xcassets in Resources */,
			);
			runOnlyForDeploymentPostprocessing = 0;
		};
/* End PBXResourcesBuildPhase section */

/* Begin PBXSourcesBuildPhase section */
		C3DBB6712A2995C9007F77BF /* Sources */ = {
			isa = PBXSourcesBuildPhase;
			buildActionMask = 2147483647;
			files = (
				C3DBB67B2A2995C9007F77BF /* ContentView.swift in Sources */,
				C3DBB6792A2995C9007F77BF /* MCBTimeCounterApp.swift in Sources */,
			);
			runOnlyForDeploymentPostprocessing = 0;
		};
/* End PBXSourcesBuildPhase section */

/* Begin XCBuildConfiguration section */
		C3DBB6822A2995CB007F77BF /* Debug */ = {
			isa = XCBuildConfiguration;
			buildSettings = {
				ALWAYS_SEARCH_USER_PATHS = NO;
				CLANG_ANALYZER_NONNULL = YES;
				CLANG_ANALYZER_NUMBER_OBJECT_CONVERSION = YES_AGGRESSIVE;
				CLANG_CXX_LANGUAGE_STANDARD = "gnu++20";
				CLANG_ENABLE_MODULES = YES;
				CLANG_ENABLE_OBJC_ARC = YES;
				CLANG_ENABLE_OBJC_WEAK = YES;
				CLANG_WARN_BLOCK_CAPTURE_AUTORELEASING = YES;
				CLANG_WARN_BOOL_CONVERSION = YES;
				CLANG_WARN_COMMA = YES;
				CLANG_WARN_CONSTANT_CONVERSION = YES;
				CLANG_WARN_DEPRECATED_OBJC_IMPLEMENTATIONS = YES;
				CLANG_WARN_DIRECT_OBJC_ISA_USAGE = YES_ERROR;
				CLANG_WARN_DOCUMENTATION_COMMENTS = YES;
				CLANG_WARN_EMPTY_BODY = YES;
				CLANG_WARN_ENUM_CONVERSION = YES;
				CLANG_WARN_INFINITE_RECURSION = YES;
				CLANG_WARN_INT_CONVERSION = YES;
				CLANG_WARN_NON_LITERAL_NULL_CONVERSION = YES;
				CLANG_WARN_OBJC_IMPLICIT_RETAIN_SELF = YES;
				CLANG_WARN_OBJC_LITERAL_CONVERSION = YES;
				CLANG_WARN_OBJC_ROOT_CLASS = YES_ERROR;
				CLANG_WARN_QUOTED_INCLUDE_IN_FRAMEWORK_HEADER = YES;
				CLANG_WARN_RANGE_LOOP_ANALYSIS = YES;
				CLANG_WARN_STRICT_PROTOTYPES = YES;
				CLANG_WARN_SUSPICIOUS_MOVE = YES;
				CLANG_WARN_UNGUARDED_AVAILABILITY = YES_AGGRESSIVE;
				CLANG_WARN_UNREACHABLE_CODE = YES;
				CLANG_WARN__DUPLICATE_METHOD_MATCH = YES;
				COPY_PHASE_STRIP = NO;
				DEBUG_INFORMATION_FORMAT = dwarf;
				ENABLE_STRICT_OBJC_MSGSEND = YES;
				ENABLE_TESTABILITY = YES;
				GCC_C_LANGUAGE_STANDARD = gnu11;
				GCC_DYNAMIC_NO_PIC = NO;
				GCC_NO_COMMON_BLOCKS = YES;
				GCC_OPTIMIZATION_LEVEL = 0;
				GCC_PREPROCESSOR_DEFINITIONS = (
					"DEBUG=1",
					"$(inherited)",
				);
				GCC_WARN_64_TO_32_BIT_CONVERSION = YES;
				GCC_WARN_ABOUT_RETURN_TYPE = YES_ERROR;
				GCC_WARN_UNDECLARED_SELECTOR = YES;
				GCC_WARN_UNINITIALIZED_AUTOS = YES_AGGRESSIVE;
				GCC_WARN_UNUSED_FUNCTION = YES;
				GCC_WARN_UNUSED_VARIABLE = YES;
				MACOSX_DEPLOYMENT_TARGET = 13.3;
				MTL_ENABLE_DEBUG_INFO = INCLUDE_SOURCE;
				MTL_FAST_MATH = YES;
				ONLY_ACTIVE_ARCH = YES;
				SDKROOT = macosx;
				SWIFT_ACTIVE_COMPILATION_CONDITIONS = DEBUG;
				SWIFT_OPTIMIZATION_LEVEL = "-Onone";
			};
			name = Debug;
		};
		C3DBB6832A2995CB007F77BF /* Release */ = {
			isa = XCBuildConfiguration;
			buildSettings = {
				ALWAYS_SEARCH_USER_PATHS = NO;
				CLANG_ANALYZER_NONNULL = YES;
				CLANG_ANALYZER_NUMBER_OBJECT_CONVERSION = YES_AGGRESSIVE;
				CLANG_CXX_LANGUAGE_STANDARD = "gnu++20";
				CLANG_ENABLE_MODULES = YES;
				CLANG_ENABLE_OBJC_ARC = YES;
				CLANG_ENABLE_OBJC_WEAK = YES;
				CLANG_WARN_BLOCK_CAPTURE_AUTORELEASING = YES;
				CLANG_WARN_BOOL_CONVERSION = YES;
				CLANG_WARN_COMMA = YES;
				CLANG_WARN_CONSTANT_CONVERSION = YES;
				CLANG_WARN_DEPRECATED_OBJC_IMPLEMENTATIONS = YES;
				CLANG_WARN_DIRECT_OBJC_ISA_USAGE = YES_ERROR;
				CLANG_WARN_DOCUMENTATION_COMMENTS = YES;
				CLANG_WARN_EMPTY_BODY = YES;
				CLANG_WARN_ENUM_CONVERSION = YES;
				CLANG_WARN_INFINITE_RECURSION = YES;
				CLANG_WARN_INT_CONVERSION = YES;
				CLANG_WARN_NON_LITERAL_NULL_CONVERSION = YES;
				CLANG_WARN_OBJC_IMPLICIT_RETAIN_SELF = YES;
				CLANG_WARN_OBJC_LITERAL_CONVERSION = YES;
				CLANG_WARN_OBJC_ROOT_CLASS = YES_ERROR;
				CLANG_WARN_QUOTED_INCLUDE_IN_FRAMEWORK_HEADER = YES;
				CLANG_WARN_RANGE_LOOP_ANALYSIS = YES;
				CLANG_WARN_STRICT_PROTOTYPES = YES;
				CLANG_WARN_SUSPICIOUS_MOVE = YES;
				CLANG_WARN_UNGUARDED_AVAILABILITY = YES_AGGRESSIVE;
				CLANG_WARN_UNREACHABLE_CODE = YES;
				CLANG_WARN__DUPLICATE_METHOD_MATCH = YES;
				COPY_PHASE_STRIP = NO;
				DEBUG_INFORMATION_FORMAT = "dwarf-with-dsym";
				ENABLE_NS_ASSERTIONS = NO;
				ENABLE_STRICT_OBJC_MSGSEND = YES;
				GCC_C_LANGUAGE_STANDARD = gnu11;
				GCC_NO_COMMON_BLOCKS = YES;
				GCC_WARN_64_TO_32_BIT_CONVERSION = YES;
				GCC_WARN_ABOUT_RETURN_TYPE = YES_ERROR;
				GCC_WARN_UNDECLARED_SELECTOR = YES;
				GCC_WARN_UNINITIALIZED_AUTOS = YES_AGGRESSIVE;
				GCC_WARN_UNUSED_FUNCTION = YES;
				GCC_WARN_UNUSED_VARIABLE = YES;
				MACOSX_DEPLOYMENT_TARGET = 13.3;
				MTL_ENABLE_DEBUG_INFO = NO;
				MTL_FAST_MATH = YES;
				SDKROOT = macosx;
				SWIFT_COMPILATION_MODE = wholemodule;
				SWIFT_OPTIMIZATION_LEVEL = "-O";
			};
			name = Release;
		};
		C3DBB6852A2995CB007F77BF /* Debug */ = {
			isa = XCBuildConfiguration;
			buildSettings = {
				ASSETCATALOG_COMPILER_APPICON_NAME = AppIcon;
				ASSETCATALOG_COMPILER_GLOBAL_ACCENT_COLOR_NAME = AccentColor;
				CODE_SIGN_ENTITLEMENTS = MCBTimeCounter/MCBTimeCounter.entitlements;
				CODE_SIGN_STYLE = Automatic;
				COMBINE_HIDPI_IMAGES = YES;
				CURRENT_PROJECT_VERSION = 1;
				DEVELOPMENT_ASSET_PATHS = "\"MCBTimeCounter/Preview Content\"";
				ENABLE_PREVIEWS = YES;
				GENERATE_INFOPLIST_FILE = YES;
				INFOPLIST_KEY_NSHumanReadableCopyright = "";
				LD_RUNPATH_SEARCH_PATHS = (
					"$(inherited)",
					"@executable_path/../Frameworks",
				);
				MARKETING_VERSION = 1.0;
				PRODUCT_BUNDLE_IDENTIFIER = test.MCBTimeCounter;
				PRODUCT_NAME = "$(TARGET_NAME)";
				SWIFT_EMIT_LOC_STRINGS = YES;
				SWIFT_VERSION = 5.0;
			};
			name = Debug;
		};
		C3DBB6862A2995CB007F77BF /* Release */ = {
			isa = XCBuildConfiguration;
			buildSettings = {
				ASSETCATALOG_COMPILER_APPICON_NAME = AppIcon;
				ASSETCATALOG_COMPILER_GLOBAL_ACCENT_COLOR_NAME = AccentColor;
				CODE_SIGN_ENTITLEMENTS = MCBTimeCounter/MCBTimeCounter.entitlements;
				CODE_SIGN_STYLE = Automatic;
				COMBINE_HIDPI_IMAGES = YES;
				CURRENT_PROJECT_VERSION = 1;
				DEVELOPMENT_ASSET_PATHS = "\"MCBTimeCounter/Preview Content\"";
				ENABLE_PREVIEWS = YES;
				GENERATE_INFOPLIST_FILE = YES;
				INFOPLIST_KEY_NSHumanReadableCopyright = "";
				LD_RUNPATH_SEARCH_PATHS = (
					"$(inherited)",
					"@executable_path/../Frameworks",
				);
				MARKETING_VERSION = 1.0;
				PRODUCT_BUNDLE_IDENTIFIER = test.MCBTimeCounter;
				PRODUCT_NAME = "$(TARGET_NAME)";
				SWIFT_EMIT_LOC_STRINGS = YES;
				SWIFT_VERSION = 5.0;
			};
			name = Release;
		};
/* End XCBuildConfiguration section */

/* Begin XCConfigurationList section */
		C3DBB6702A2995C9007F77BF /* Build configuration list for PBXProject "MCBTimeCounter" */ = {
			isa = XCConfigurationList;
			buildConfigurations = (
				C3DBB6822A2995CB007F77BF /* Debug */,
				C3DBB6832A2995CB007F77BF /* Release */,
			);
			defaultConfigurationIsVisible = 0;
			defaultConfigurationName = Release;
		};
		C3DBB6842A2995CB007F77BF /* Build configuration list for PBXNativeTarget "MCBTimeCounter" */ = {
			isa = XCConfigurationList;
			buildConfigurations = (
				C3DBB6852A2995CB007F77BF /* Debug */,
				C3DBB6862A2995CB007F77BF /* Release */,
			);
			defaultConfigurationIsVisible = 0;
			defaultConfigurationName = Release;
		};
/* End XCConfigurationList section */
	};
	rootObject = C3DBB66D2A2995C9007F77BF /* Project object */;
}
